
Microsoft Visual Studio Solution File, Format Version 12.00
# Visual Studio Version 16
VisualStudioVersion = 16.0.31624.102
MinimumVisualStudioVersion = 10.0.40219.1
Project("{8BC9CEB8-8B4A-11D0-8D11-00A0C91BC942}") = "Project trpo", "Project trpo\Project trpo.vcxproj", "{E2C55161-D1D9-4E4D-9E77-68813475B139}"
EndProject
Global
	GlobalSection(SolutionConfigurationPlatforms) = preSolution
		Debug|x64 = Debug|x64
		Debug|x86 = Debug|x86
		Release|x64 = Release|x64
		Release|x86 = Release|x86
	EndGlobalSection
	GlobalSection(ProjectConfigurationPlatforms) = postSolution
		{E2C55161-D1D9-4E4D-9E77-68813475B139}.Debug|x64.ActiveCfg = Debug|x64
		{E2C55161-D1D9-4E4D-9E77-68813475B139}.Debug|x64.Build.0 = Debug|x64
		{E2C55161-D1D9-4E4D-9E77-68813475B139}.Debug|x86.ActiveCfg = Debug|Win32
		{E2C55161-D1D9-4E4D-9E77-68813475B139}.Debug|x86.Build.0 = Debug|Win32
		{E2C55161-D1D9-4E4D-9E77-68813475B139}.Release|x64.ActiveCfg = Release|x64
		{E2C55161-D1D9-4E4D-9E77-68813475B139}.Release|x64.Build.0 = Release|x64
		{E2C55161-D1D9-4E4D-9E77-68813475B139}.Release|x86.ActiveCfg = Release|Win32
		{E2C55161-D1D9-4E4D-9E77-68813475B139}.Release|x86.Build.0 = Release|Win32
	EndGlobalSection
	GlobalSection(SolutionProperties) = preSolution
		HideSolutionNode = FALSE
	EndGlobalSection
	GlobalSection(ExtensibilityGlobals) = postSolution
		SolutionGuid = {9FCFA60C-C7CA-45F1-8B84-68D0C21EFA23}
	EndGlobalSection
EndGlobal
